// !$*UTF8*$!
{
	archiveVersion = 1;
	classes = {
	};
	objectVersion = 46;
	objects = {

/* Begin PBXBuildFile section */
		33A6657E1D63E39A005C8FA9 /* AppDelegate.swift in Sources */ = {isa = PBXBuildFile; fileRef = 33A6657D1D63E39A005C8FA9 /* AppDelegate.swift */; };
		33A665801D63E39A005C8FA9 /* ViewController.swift in Sources */ = {isa = PBXBuildFile; fileRef = 33A6657F1D63E39A005C8FA9 /* ViewController.swift */; };
		33A665831D63E39A005C8FA9 /* Main.storyboard in Resources */ = {isa = PBXBuildFile; fileRef = 33A665811D63E39A005C8FA9 /* Main.storyboard */; };
		33A665861D63E39A005C8FA9 /* Budget.xcdatamodeld in Sources */ = {isa = PBXBuildFile; fileRef = 33A665841D63E39A005C8FA9 /* Budget.xcdatamodeld */; };
		33A665881D63E39A005C8FA9 /* Assets.xcassets in Resources */ = {isa = PBXBuildFile; fileRef = 33A665871D63E39A005C8FA9 /* Assets.xcassets */; };
		33A6658B1D63E39A005C8FA9 /* LaunchScreen.storyboard in Resources */ = {isa = PBXBuildFile; fileRef = 33A665891D63E39A005C8FA9 /* LaunchScreen.storyboard */; };
		33A665971D63E661005C8FA9 /* cuentas.png in Resources */ = {isa = PBXBuildFile; fileRef = 33A665921D63E661005C8FA9 /* cuentas.png */; };
		33A665981D63E661005C8FA9 /* facturas.png in Resources */ = {isa = PBXBuildFile; fileRef = 33A665931D63E661005C8FA9 /* facturas.png */; };
		33A665991D63E661005C8FA9 /* gastos.png in Resources */ = {isa = PBXBuildFile; fileRef = 33A665941D63E661005C8FA9 /* gastos.png */; };
		33A6659A1D63E661005C8FA9 /* ingresos.png in Resources */ = {isa = PBXBuildFile; fileRef = 33A665951D63E661005C8FA9 /* ingresos.png */; };
		33A6659B1D63E661005C8FA9 /* presupuestos.png in Resources */ = {isa = PBXBuildFile; fileRef = 33A665961D63E661005C8FA9 /* presupuestos.png */; };
		33A6659D1D640CC6005C8FA9 /* CuentasViewController.swift in Sources */ = {isa = PBXBuildFile; fileRef = 33A6659C1D640CC6005C8FA9 /* CuentasViewController.swift */; };
		CF31C0FC1D649E83000A4118 /* ListaTableViewController.swift in Sources */ = {isa = PBXBuildFile; fileRef = CF31C0FB1D649E82000A4118 /* ListaTableViewController.swift */; };
		CF31C0FE1D649F13000A4118 /* CuentaTableViewCell.swift in Sources */ = {isa = PBXBuildFile; fileRef = CF31C0FD1D649F13000A4118 /* CuentaTableViewCell.swift */; };
		CF31C1001D65027A000A4118 /* CuentaDetalleTableViewController.swift in Sources */ = {isa = PBXBuildFile; fileRef = CF31C0FF1D65027A000A4118 /* CuentaDetalleTableViewController.swift */; };
		CF31C1021D65029E000A4118 /* CuentadetalleTableViewCell.swift in Sources */ = {isa = PBXBuildFile; fileRef = CF31C1011D65029E000A4118 /* CuentadetalleTableViewCell.swift */; };
/* End PBXBuildFile section */

/* Begin PBXFileReference section */
		33A6657A1D63E399005C8FA9 /* Budget.app */ = {isa = PBXFileReference; explicitFileType = wrapper.application; includeInIndex = 0; path = Budget.app; sourceTree = BUILT_PRODUCTS_DIR; };
		33A6657D1D63E39A005C8FA9 /* AppDelegate.swift */ = {isa = PBXFileReference; lastKnownFileType = sourcecode.swift; path = AppDelegate.swift; sourceTree = "<group>"; };
		33A6657F1D63E39A005C8FA9 /* ViewController.swift */ = {isa = PBXFileReference; lastKnownFileType = sourcecode.swift; path = ViewController.swift; sourceTree = "<group>"; };
		33A665821D63E39A005C8FA9 /* Base */ = {isa = PBXFileReference; lastKnownFileType = file.storyboard; name = Base; path = Base.lproj/Main.storyboard; sourceTree = "<group>"; };
		33A665851D63E39A005C8FA9 /* Budget.xcdatamodel */ = {isa = PBXFileReference; lastKnownFileType = wrapper.xcdatamodel; path = Budget.xcdatamodel; sourceTree = "<group>"; };
		33A665871D63E39A005C8FA9 /* Assets.xcassets */ = {isa = PBXFileReference; lastKnownFileType = folder.assetcatalog; path = Assets.xcassets; sourceTree = "<group>"; };
		33A6658A1D63E39A005C8FA9 /* Base */ = {isa = PBXFileReference; lastKnownFileType = file.storyboard; name = Base; path = Base.lproj/LaunchScreen.storyboard; sourceTree = "<group>"; };
		33A6658C1D63E39A005C8FA9 /* Info.plist */ = {isa = PBXFileReference; lastKnownFileType = text.plist.xml; path = Info.plist; sourceTree = "<group>"; };
		33A665921D63E661005C8FA9 /* cuentas.png */ = {isa = PBXFileReference; lastKnownFileType = image.png; path = cuentas.png; sourceTree = "<group>"; };
		33A665931D63E661005C8FA9 /* facturas.png */ = {isa = PBXFileReference; lastKnownFileType = image.png; path = facturas.png; sourceTree = "<group>"; };
		33A665941D63E661005C8FA9 /* gastos.png */ = {isa = PBXFileReference; lastKnownFileType = image.png; path = gastos.png; sourceTree = "<group>"; };
		33A665951D63E661005C8FA9 /* ingresos.png */ = {isa = PBXFileReference; lastKnownFileType = image.png; path = ingresos.png; sourceTree = "<group>"; };
		33A665961D63E661005C8FA9 /* presupuestos.png */ = {isa = PBXFileReference; lastKnownFileType = image.png; path = presupuestos.png; sourceTree = "<group>"; };
		33A6659C1D640CC6005C8FA9 /* CuentasViewController.swift */ = {isa = PBXFileReference; fileEncoding = 4; lastKnownFileType = sourcecode.swift; path = CuentasViewController.swift; sourceTree = "<group>"; };
		CF31C0FB1D649E82000A4118 /* ListaTableViewController.swift */ = {isa = PBXFileReference; fileEncoding = 4; lastKnownFileType = sourcecode.swift; path = ListaTableViewController.swift; sourceTree = "<group>"; };
		CF31C0FD1D649F13000A4118 /* CuentaTableViewCell.swift */ = {isa = PBXFileReference; fileEncoding = 4; lastKnownFileType = sourcecode.swift; path = CuentaTableViewCell.swift; sourceTree = "<group>"; };
		CF31C0FF1D65027A000A4118 /* CuentaDetalleTableViewController.swift */ = {isa = PBXFileReference; fileEncoding = 4; lastKnownFileType = sourcecode.swift; path = CuentaDetalleTableViewController.swift; sourceTree = "<group>"; };
		CF31C1011D65029E000A4118 /* CuentadetalleTableViewCell.swift */ = {isa = PBXFileReference; fileEncoding = 4; lastKnownFileType = sourcecode.swift; path = CuentadetalleTableViewCell.swift; sourceTree = "<group>"; };
/* End PBXFileReference section */

/* Begin PBXFrameworksBuildPhase section */
		33A665771D63E399005C8FA9 /* Frameworks */ = {
			isa = PBXFrameworksBuildPhase;
			buildActionMask = 2147483647;
			files = (
			);
			runOnlyForDeploymentPostprocessing = 0;
		};
/* End PBXFrameworksBuildPhase section */

/* Begin PBXGroup section */
		33A665711D63E399005C8FA9 = {
			isa = PBXGroup;
			children = (
				33A6657C1D63E399005C8FA9 /* Budget */,
				33A6657B1D63E399005C8FA9 /* Products */,
			);
			sourceTree = "<group>";
		};
		33A6657B1D63E399005C8FA9 /* Products */ = {
			isa = PBXGroup;
			children = (
				33A6657A1D63E399005C8FA9 /* Budget.app */,
			);
			name = Products;
			sourceTree = "<group>";
		};
		33A6657C1D63E399005C8FA9 /* Budget */ = {
			isa = PBXGroup;
			children = (
				33A6657D1D63E39A005C8FA9 /* AppDelegate.swift */,
				33A6657F1D63E39A005C8FA9 /* ViewController.swift */,
				33A665811D63E39A005C8FA9 /* Main.storyboard */,
				CF31C1011D65029E000A4118 /* CuentadetalleTableViewCell.swift */,
				CF31C0FF1D65027A000A4118 /* CuentaDetalleTableViewController.swift */,
				CF31C0FD1D649F13000A4118 /* CuentaTableViewCell.swift */,
				CF31C0FB1D649E82000A4118 /* ListaTableViewController.swift */,
				33A6659C1D640CC6005C8FA9 /* CuentasViewController.swift */,
				33A665871D63E39A005C8FA9 /* Assets.xcassets */,
				33A665921D63E661005C8FA9 /* cuentas.png */,
				33A665931D63E661005C8FA9 /* facturas.png */,
				33A665941D63E661005C8FA9 /* gastos.png */,
				33A665951D63E661005C8FA9 /* ingresos.png */,
				33A665961D63E661005C8FA9 /* presupuestos.png */,
				33A665891D63E39A005C8FA9 /* LaunchScreen.storyboard */,
				33A6658C1D63E39A005C8FA9 /* Info.plist */,
				33A665841D63E39A005C8FA9 /* Budget.xcdatamodeld */,
			);
			path = Budget;
			sourceTree = "<group>";
		};
/* End PBXGroup section */

/* Begin PBXNativeTarget section */
		33A665791D63E399005C8FA9 /* Budget */ = {
			isa = PBXNativeTarget;
			buildConfigurationList = 33A6658F1D63E39A005C8FA9 /* Build configuration list for PBXNativeTarget "Budget" */;
			buildPhases = (
				33A665761D63E399005C8FA9 /* Sources */,
				33A665771D63E399005C8FA9 /* Frameworks */,
				33A665781D63E399005C8FA9 /* Resources */,
			);
			buildRules = (
			);
			dependencies = (
			);
			name = Budget;
			productName = Budget;
			productReference = 33A6657A1D63E399005C8FA9 /* Budget.app */;
			productType = "com.apple.product-type.application";
		};
/* End PBXNativeTarget section */

/* Begin PBXProject section */
		33A665721D63E399005C8FA9 /* Project object */ = {
			isa = PBXProject;
			attributes = {
				LastSwiftUpdateCheck = 0720;
				LastUpgradeCheck = 0720;
				ORGANIZATIONNAME = calyr;
				TargetAttributes = {
					33A665791D63E399005C8FA9 = {
						CreatedOnToolsVersion = 7.2.1;
					};
				};
			};
			buildConfigurationList = 33A665751D63E399005C8FA9 /* Build configuration list for PBXProject "Budget" */;
			compatibilityVersion = "Xcode 3.2";
			developmentRegion = English;
			hasScannedForEncodings = 0;
			knownRegions = (
				en,
				Base,
			);
			mainGroup = 33A665711D63E399005C8FA9;
			productRefGroup = 33A6657B1D63E399005C8FA9 /* Products */;
			projectDirPath = "";
			projectRoot = "";
			targets = (
				33A665791D63E399005C8FA9 /* Budget */,
			);
		};
/* End PBXProject section */

/* Begin PBXResourcesBuildPhase section */
		33A665781D63E399005C8FA9 /* Resources */ = {
			isa = PBXResourcesBuildPhase;
			buildActionMask = 2147483647;
			files = (
				33A6659A1D63E661005C8FA9 /* ingresos.png in Resources */,
				33A665991D63E661005C8FA9 /* gastos.png in Resources */,
				33A6658B1D63E39A005C8FA9 /* LaunchScreen.storyboard in Resources */,
				33A665971D63E661005C8FA9 /* cuentas.png in Resources */,
				33A665981D63E661005C8FA9 /* facturas.png in Resources */,
				33A6659B1D63E661005C8FA9 /* presupuestos.png in Resources */,
				33A665881D63E39A005C8FA9 /* Assets.xcassets in Resources */,
				33A665831D63E39A005C8FA9 /* Main.storyboard in Resources */,
			);
			runOnlyForDeploymentPostprocessing = 0;
		};
/* End PBXResourcesBuildPhase section */

/* Begin PBXSourcesBuildPhase section */
		33A665761D63E399005C8FA9 /* Sources */ = {
			isa = PBXSourcesBuildPhase;
			buildActionMask = 2147483647;
			files = (
				33A6659D1D640CC6005C8FA9 /* CuentasViewController.swift in Sources */,
				33A665801D63E39A005C8FA9 /* ViewController.swift in Sources */,
				CF31C1021D65029E000A4118 /* CuentadetalleTableViewCell.swift in Sources */,
				33A6657E1D63E39A005C8FA9 /* AppDelegate.swift in Sources */,
				CF31C0FE1D649F13000A4118 /* CuentaTableViewCell.swift in Sources */,
				CF31C1001D65027A000A4118 /* CuentaDetalleTableViewController.swift in Sources */,
				33A665861D63E39A005C8FA9 /* Budget.xcdatamodeld in Sources */,
				CF31C0FC1D649E83000A4118 /* ListaTableViewController.swift in Sources */,
			);
			runOnlyForDeploymentPostprocessing = 0;
		};
/* End PBXSourcesBuildPhase section */

/* Begin PBXVariantGroup section */
		33A665811D63E39A005C8FA9 /* Main.storyboard */ = {
			isa = PBXVariantGroup;
			children = (
				33A665821D63E39A005C8FA9 /* Base */,
			);
			name = Main.storyboard;
			sourceTree = "<group>";
		};
		33A665891D63E39A005C8FA9 /* LaunchScreen.storyboard */ = {
			isa = PBXVariantGroup;
			children = (
				33A6658A1D63E39A005C8FA9 /* Base */,
			);
			name = LaunchScreen.storyboard;
			sourceTree = "<group>";
		};
/* End PBXVariantGroup section */

/* Begin XCBuildConfiguration section */
		33A6658D1D63E39A005C8FA9 /* Debug */ = {
			isa = XCBuildConfiguration;
			buildSettings = {
				ALWAYS_SEARCH_USER_PATHS = NO;
				CLANG_CXX_LANGUAGE_STANDARD = "gnu++0x";
				CLANG_CXX_LIBRARY = "libc++";
				CLANG_ENABLE_MODULES = YES;
				CLANG_ENABLE_OBJC_ARC = YES;
				CLANG_WARN_BOOL_CONVERSION = YES;
				CLANG_WARN_CONSTANT_CONVERSION = YES;
				CLANG_WARN_DIRECT_OBJC_ISA_USAGE = YES_ERROR;
				CLANG_WARN_EMPTY_BODY = YES;
				CLANG_WARN_ENUM_CONVERSION = YES;
				CLANG_WARN_INT_CONVERSION = YES;
				CLANG_WARN_OBJC_ROOT_CLASS = YES_ERROR;
				CLANG_WARN_UNREACHABLE_CODE = YES;
				CLANG_WARN__DUPLICATE_METHOD_MATCH = YES;
				"CODE_SIGN_IDENTITY[sdk=iphoneos*]" = "iPhone Developer";
				COPY_PHASE_STRIP = NO;
				DEBUG_INFORMATION_FORMAT = dwarf;
				ENABLE_STRICT_OBJC_MSGSEND = YES;
				ENABLE_TESTABILITY = YES;
				GCC_C_LANGUAGE_STANDARD = gnu99;
				GCC_DYNAMIC_NO_PIC = NO;
				GCC_NO_COMMON_BLOCKS = YES;
				GCC_OPTIMIZATION_LEVEL = 0;
				GCC_PREPROCESSOR_DEFINITIONS = (
					"DEBUG=1",
					"$(inherited)",
				);
				GCC_WARN_64_TO_32_BIT_CONVERSION = YES;
				GCC_WARN_ABOUT_RETURN_TYPE = YES_ERROR;
				GCC_WARN_UNDECLARED_SELECTOR = YES;
				GCC_WARN_UNINITIALIZED_AUTOS = YES_AGGRESSIVE;
				GCC_WARN_UNUSED_FUNCTION = YES;
				GCC_WARN_UNUSED_VARIABLE = YES;
				IPHONEOS_DEPLOYMENT_TARGET = 9.2;
				MTL_ENABLE_DEBUG_INFO = YES;
				ONLY_ACTIVE_ARCH = YES;
				SDKROOT = iphoneos;
				SWIFT_OPTIMIZATION_LEVEL = "-Onone";
			};
			name = Debug;
		};
		33A6658E1D63E39A005C8FA9 /* Release */ = {
			isa = XCBuildConfiguration;
			buildSettings = {
				ALWAYS_SEARCH_USER_PATHS = NO;
				CLANG_CXX_LANGUAGE_STANDARD = "gnu++0x";
				CLANG_CXX_LIBRARY = "libc++";
				CLANG_ENABLE_MODULES = YES;
				CLANG_ENABLE_OBJC_ARC = YES;
				CLANG_WARN_BOOL_CONVERSION = YES;
				CLANG_WARN_CONSTANT_CONVERSION = YES;
				CLANG_WARN_DIRECT_OBJC_ISA_USAGE = YES_ERROR;
				CLANG_WARN_EMPTY_BODY = YES;
				CLANG_WARN_ENUM_CONVERSION = YES;
				CLANG_WARN_INT_CONVERSION = YES;
				CLANG_WARN_OBJC_ROOT_CLASS = YES_ERROR;
				CLANG_WARN_UNREACHABLE_CODE = YES;
				CLANG_WARN__DUPLICATE_METHOD_MATCH = YES;
				"CODE_SIGN_IDENTITY[sdk=iphoneos*]" = "iPhone Developer";
				COPY_PHASE_STRIP = NO;
				DEBUG_INFORMATION_FORMAT = "dwarf-with-dsym";
				ENABLE_NS_ASSERTIONS = NO;
				ENABLE_STRICT_OBJC_MSGSEND = YES;
				GCC_C_LANGUAGE_STANDARD = gnu99;
				GCC_NO_COMMON_BLOCKS = YES;
				GCC_WARN_64_TO_32_BIT_CONVERSION = YES;
				GCC_WARN_ABOUT_RETURN_TYPE = YES_ERROR;
				GCC_WARN_UNDECLARED_SELECTOR = YES;
				GCC_WARN_UNINITIALIZED_AUTOS = YES_AGGRESSIVE;
				GCC_WARN_UNUSED_FUNCTION = YES;
				GCC_WARN_UNUSED_VARIABLE = YES;
				IPHONEOS_DEPLOYMENT_TARGET = 9.2;
				MTL_ENABLE_DEBUG_INFO = NO;
				SDKROOT = iphoneos;
				VALIDATE_PRODUCT = YES;
			};
			name = Release;
		};
		33A665901D63E39A005C8FA9 /* Debug */ = {
			isa = XCBuildConfiguration;
			buildSettings = {
				ASSETCATALOG_COMPILER_APPICON_NAME = AppIcon;
				INFOPLIST_FILE = Budget/Info.plist;
				LD_RUNPATH_SEARCH_PATHS = "$(inherited) @executable_path/Frameworks";
				PRODUCT_BUNDLE_IDENTIFIER = com.diegorojas.app.Budget;
				PRODUCT_NAME = "$(TARGET_NAME)";
			};
			name = Debug;
		};
		33A665911D63E39A005C8FA9 /* Release */ = {
			isa = XCBuildConfiguration;
			buildSettings = {
				ASSETCATALOG_COMPILER_APPICON_NAME = AppIcon;
				INFOPLIST_FILE = Budget/Info.plist;
				LD_RUNPATH_SEARCH_PATHS = "$(inherited) @executable_path/Frameworks";
				PRODUCT_BUNDLE_IDENTIFIER = com.diegorojas.app.Budget;
				PRODUCT_NAME = "$(TARGET_NAME)";
			};
			name = Release;
		};
/* End XCBuildConfiguration section */

/* Begin XCConfigurationList section */
		33A665751D63E399005C8FA9 /* Build configuration list for PBXProject "Budget" */ = {
			isa = XCConfigurationList;
			buildConfigurations = (
				33A6658D1D63E39A005C8FA9 /* Debug */,
				33A6658E1D63E39A005C8FA9 /* Release */,
			);
			defaultConfigurationIsVisible = 0;
			defaultConfigurationName = Release;
		};
		33A6658F1D63E39A005C8FA9 /* Build configuration list for PBXNativeTarget "Budget" */ = {
			isa = XCConfigurationList;
			buildConfigurations = (
				33A665901D63E39A005C8FA9 /* Debug */,
				33A665911D63E39A005C8FA9 /* Release */,
			);
			defaultConfigurationIsVisible = 0;
			defaultConfigurationName = Release;
		};
/* End XCConfigurationList section */

/* Begin XCVersionGroup section */
		33A665841D63E39A005C8FA9 /* Budget.xcdatamodeld */ = {
			isa = XCVersionGroup;
			children = (
				33A665851D63E39A005C8FA9 /* Budget.xcdatamodel */,
			);
			currentVersion = 33A665851D63E39A005C8FA9 /* Budget.xcdatamodel */;
			path = Budget.xcdatamodeld;
			sourceTree = "<group>";
			versionGroupType = wrapper.xcdatamodel;
		};
/* End XCVersionGroup section */
	};
	rootObject = 33A665721D63E399005C8FA9 /* Project object */;
}
